
Microsoft Visual Studio Solution File, Format Version 12.00
# Visual Studio 15
VisualStudioVersion = 15.0.28010.0
MinimumVisualStudioVersion = 10.0.40219.1
Project("{262852C6-CD72-467D-83FE-5EEB1973A190}") = "Projes", "Projes\Projes.jsproj", "{08707399-D840-4F1B-8605-82B965E84DEF}"
EndProject
Global
	GlobalSection(SolutionConfigurationPlatforms) = preSolution
		Debug|Android = Debug|Android
		Debug|iOS = Debug|iOS
		Debug|Windows-ARM = Debug|Windows-ARM
		Debug|Windows-x64 = Debug|Windows-x64
		Debug|Windows-x86 = Debug|Windows-x86
		Release|Android = Release|Android
		Release|iOS = Release|iOS
		Release|Windows-ARM = Release|Windows-ARM
		Release|Windows-x64 = Release|Windows-x64
		Release|Windows-x86 = Release|Windows-x86
	EndGlobalSection
	GlobalSection(ProjectConfigurationPlatforms) = postSolution
		{08707399-D840-4F1B-8605-82B965E84DEF}.Debug|Android.ActiveCfg = Debug|Android
		{08707399-D840-4F1B-8605-82B965E84DEF}.Debug|Android.Build.0 = Debug|Android
		{08707399-D840-4F1B-8605-82B965E84DEF}.Debug|Android.Deploy.0 = Debug|Android
		{08707399-D840-4F1B-8605-82B965E84DEF}.Debug|iOS.ActiveCfg = Debug|iOS
		{08707399-D840-4F1B-8605-82B965E84DEF}.Debug|iOS.Build.0 = Debug|iOS
		{08707399-D840-4F1B-8605-82B965E84DEF}.Debug|iOS.Deploy.0 = Debug|iOS
		{08707399-D840-4F1B-8605-82B965E84DEF}.Debug|Windows-ARM.ActiveCfg = Debug|Windows-ARM
		{08707399-D840-4F1B-8605-82B965E84DEF}.Debug|Windows-ARM.Build.0 = Debug|Windows-ARM
		{08707399-D840-4F1B-8605-82B965E84DEF}.Debug|Windows-ARM.Deploy.0 = Debug|Windows-ARM
		{08707399-D840-4F1B-8605-82B965E84DEF}.Debug|Windows-x64.ActiveCfg = Debug|Windows-x64
		{08707399-D840-4F1B-8605-82B965E84DEF}.Debug|Windows-x64.Build.0 = Debug|Windows-x64
		{08707399-D840-4F1B-8605-82B965E84DEF}.Debug|Windows-x64.Deploy.0 = Debug|Windows-x64
		{08707399-D840-4F1B-8605-82B965E84DEF}.Debug|Windows-x86.ActiveCfg = Debug|Windows-x86
		{08707399-D840-4F1B-8605-82B965E84DEF}.Debug|Windows-x86.Build.0 = Debug|Windows-x86
		{08707399-D840-4F1B-8605-82B965E84DEF}.Debug|Windows-x86.Deploy.0 = Debug|Windows-x86
		{08707399-D840-4F1B-8605-82B965E84DEF}.Release|Android.ActiveCfg = Release|Android
		{08707399-D840-4F1B-8605-82B965E84DEF}.Release|Android.Build.0 = Release|Android
		{08707399-D840-4F1B-8605-82B965E84DEF}.Release|Android.Deploy.0 = Release|Android
		{08707399-D840-4F1B-8605-82B965E84DEF}.Release|iOS.ActiveCfg = Release|iOS
		{08707399-D840-4F1B-8605-82B965E84DEF}.Release|iOS.Build.0 = Release|iOS
		{08707399-D840-4F1B-8605-82B965E84DEF}.Release|iOS.Deploy.0 = Release|iOS
		{08707399-D840-4F1B-8605-82B965E84DEF}.Release|Windows-ARM.ActiveCfg = Release|Windows-ARM
		{08707399-D840-4F1B-8605-82B965E84DEF}.Release|Windows-ARM.Build.0 = Release|Windows-ARM
		{08707399-D840-4F1B-8605-82B965E84DEF}.Release|Windows-ARM.Deploy.0 = Release|Windows-ARM
		{08707399-D840-4F1B-8605-82B965E84DEF}.Release|Windows-x64.ActiveCfg = Release|Windows-x64
		{08707399-D840-4F1B-8605-82B965E84DEF}.Release|Windows-x64.Build.0 = Release|Windows-x64
		{08707399-D840-4F1B-8605-82B965E84DEF}.Release|Windows-x64.Deploy.0 = Release|Windows-x64
		{08707399-D840-4F1B-8605-82B965E84DEF}.Release|Windows-x86.ActiveCfg = Release|Windows-x86
		{08707399-D840-4F1B-8605-82B965E84DEF}.Release|Windows-x86.Build.0 = Release|Windows-x86
		{08707399-D840-4F1B-8605-82B965E84DEF}.Release|Windows-x86.Deploy.0 = Release|Windows-x86
	EndGlobalSection
	GlobalSection(SolutionProperties) = preSolution
		HideSolutionNode = FALSE
	EndGlobalSection
	GlobalSection(ExtensibilityGlobals) = postSolution
		SolutionGuid = {F1E503D8-83F5-4436-A6DB-0700CDD06400}
	EndGlobalSection
EndGlobal
